
Microsoft Visual Studio Solution File, Format Version 12.00
# Visual Studio Version 17
VisualStudioVersion = 17.3.32901.215
MinimumVisualStudioVersion = 10.0.40219.1
Project("{2150E333-8FDC-42A3-9474-1A3956D46DE8}") = "Services", "Services", "{10D8A055-BC50-4C46-99A5-432ECA6A3851}"
EndProject
Project("{2150E333-8FDC-42A3-9474-1A3956D46DE8}") = "Infrastructures", "Infrastructures", "{4F012BF8-A0E7-4F31-A440-9F79A8F195E1}"
EndProject
Project("{2150E333-8FDC-42A3-9474-1A3956D46DE8}") = "Warehouse", "Warehouse", "{FF916E6E-4F2F-4690-866D-E680287A2FC0}"
EndProject
Project("{2150E333-8FDC-42A3-9474-1A3956D46DE8}") = "Shared", "Shared", "{818A6AAC-1AA9-42AC-AAF5-4AD50AFEDAA9}"
EndProject
Project("{9A19103F-16F7-4668-BE54-9A1E7A4F7556}") = "DomainBase", "DomainBase\DomainBase.csproj", "{7711A7D3-AD13-4DF4-B43C-375AEA3DD981}"
EndProject
Project("{2150E333-8FDC-42A3-9474-1A3956D46DE8}") = "Partner", "Partner", "{6EF4E7B5-9A5D-4603-A5B4-D332B124AC9C}"
EndProject
Project("{9A19103F-16F7-4668-BE54-9A1E7A4F7556}") = "EventBus", "EventBus\EventBus.csproj", "{845E4539-2D16-451C-85ED-0E389370A6CA}"
EndProject
Project("{9A19103F-16F7-4668-BE54-9A1E7A4F7556}") = "EventBus.RabbitMQ", "EventBusRabbitMQ\EventBus.RabbitMQ.csproj", "{FE100207-F6D9-4B24-AA6E-8FEF00EBE637}"
EndProject
Project("{2150E333-8FDC-42A3-9474-1A3956D46DE8}") = "Orderpool", "Orderpool", "{3403E3FE-364A-4C35-B3FF-AED60526F6A5}"
EndProject
Project("{9A19103F-16F7-4668-BE54-9A1E7A4F7556}") = "Orderpool.Api", "Orderpool.Api\Orderpool.Api.csproj", "{E00B7CC6-6611-47A4-98BA-564E0754C7DF}"
EndProject
Project("{2150E333-8FDC-42A3-9474-1A3956D46DE8}") = "Solution Items", "Solution Items", "{3FABC760-0466-4264-B4E5-14D864300DE8}"
	ProjectSection(SolutionItems) = preProject
		.editorconfig = .editorconfig
		.gitignore = .gitignore
	EndProjectSection
EndProject
Project("{9A19103F-16F7-4668-BE54-9A1E7A4F7556}") = "IdentityCenter", "IdentityCenter\IdentityCenter.csproj", "{183DBFDC-FDAA-4F47-AA59-4DBFA261E318}"
EndProject
Project("{2150E333-8FDC-42A3-9474-1A3956D46DE8}") = "Shippment", "Shippment", "{1A3EF925-35CE-44D3-9967-FF2F242FE155}"
EndProject
Project("{9A19103F-16F7-4668-BE54-9A1E7A4F7556}") = "Shippment.Domain", "Shippment.Domain\Shippment.Domain.csproj", "{E8BBE3A2-62C2-4B5C-8865-911C4DBC5A5D}"
EndProject
Project("{9A19103F-16F7-4668-BE54-9A1E7A4F7556}") = "Shipment.Domain.Test", "Shipment.Domain.Test\Shipment.Domain.Test.csproj", "{9B234245-5BD9-4923-AA8F-D6D8AF2A4CD5}"
EndProject
Project("{9A19103F-16F7-4668-BE54-9A1E7A4F7556}") = "Shipment.Api", "Shipment.Api\Shipment.Api.csproj", "{63060FF8-E480-459A-81BC-843AC5D6C128}"
EndProject
Project("{2150E333-8FDC-42A3-9474-1A3956D46DE8}") = "Gateway", "Gateway", "{34D31ADF-5E21-4275-A51D-6C2DE6D1976B}"
EndProject
Project("{9A19103F-16F7-4668-BE54-9A1E7A4F7556}") = "ApiGateway", "ApiGateway\ApiGateway.csproj", "{1579E991-49A3-484F-8646-604694A3284A}"
EndProject
Project("{2150E333-8FDC-42A3-9474-1A3956D46DE8}") = "Location", "Location", "{222D32DD-F39C-46EA-9121-6AE3B57B1679}"
EndProject
Project("{9A19103F-16F7-4668-BE54-9A1E7A4F7556}") = "LocationApi", "LocationApi\LocationApi.csproj", "{052A6396-9599-4C91-B74C-9A95BE30E650}"
EndProject
Project("{9A19103F-16F7-4668-BE54-9A1E7A4F7556}") = "Partner.Api", "Partner.Api\Partner.Api.csproj", "{BBDBA5F4-1591-4846-854C-6026A6574DB9}"
EndProject
Project("{2150E333-8FDC-42A3-9474-1A3956D46DE8}") = "Identity", "Identity", "{0CA0A1FD-CFF9-4237-B4E6-5381CC13DECA}"
EndProject
Global
	GlobalSection(SolutionConfigurationPlatforms) = preSolution
		Debug|Any CPU = Debug|Any CPU
		Release|Any CPU = Release|Any CPU
	EndGlobalSection
	GlobalSection(ProjectConfigurationPlatforms) = postSolution
		{7711A7D3-AD13-4DF4-B43C-375AEA3DD981}.Debug|Any CPU.ActiveCfg = Debug|Any CPU
		{7711A7D3-AD13-4DF4-B43C-375AEA3DD981}.Debug|Any CPU.Build.0 = Debug|Any CPU
		{7711A7D3-AD13-4DF4-B43C-375AEA3DD981}.Release|Any CPU.ActiveCfg = Release|Any CPU
		{7711A7D3-AD13-4DF4-B43C-375AEA3DD981}.Release|Any CPU.Build.0 = Release|Any CPU
		{845E4539-2D16-451C-85ED-0E389370A6CA}.Debug|Any CPU.ActiveCfg = Debug|Any CPU
		{845E4539-2D16-451C-85ED-0E389370A6CA}.Debug|Any CPU.Build.0 = Debug|Any CPU
		{845E4539-2D16-451C-85ED-0E389370A6CA}.Release|Any CPU.ActiveCfg = Release|Any CPU
		{845E4539-2D16-451C-85ED-0E389370A6CA}.Release|Any CPU.Build.0 = Release|Any CPU
		{FE100207-F6D9-4B24-AA6E-8FEF00EBE637}.Debug|Any CPU.ActiveCfg = Debug|Any CPU
		{FE100207-F6D9-4B24-AA6E-8FEF00EBE637}.Debug|Any CPU.Build.0 = Debug|Any CPU
		{FE100207-F6D9-4B24-AA6E-8FEF00EBE637}.Release|Any CPU.ActiveCfg = Release|Any CPU
		{FE100207-F6D9-4B24-AA6E-8FEF00EBE637}.Release|Any CPU.Build.0 = Release|Any CPU
		{E00B7CC6-6611-47A4-98BA-564E0754C7DF}.Debug|Any CPU.ActiveCfg = Debug|Any CPU
		{E00B7CC6-6611-47A4-98BA-564E0754C7DF}.Debug|Any CPU.Build.0 = Debug|Any CPU
		{E00B7CC6-6611-47A4-98BA-564E0754C7DF}.Release|Any CPU.ActiveCfg = Release|Any CPU
		{E00B7CC6-6611-47A4-98BA-564E0754C7DF}.Release|Any CPU.Build.0 = Release|Any CPU
		{183DBFDC-FDAA-4F47-AA59-4DBFA261E318}.Debug|Any CPU.ActiveCfg = Debug|Any CPU
		{183DBFDC-FDAA-4F47-AA59-4DBFA261E318}.Debug|Any CPU.Build.0 = Debug|Any CPU
		{183DBFDC-FDAA-4F47-AA59-4DBFA261E318}.Release|Any CPU.ActiveCfg = Release|Any CPU
		{183DBFDC-FDAA-4F47-AA59-4DBFA261E318}.Release|Any CPU.Build.0 = Release|Any CPU
		{E8BBE3A2-62C2-4B5C-8865-911C4DBC5A5D}.Debug|Any CPU.ActiveCfg = Debug|Any CPU
		{E8BBE3A2-62C2-4B5C-8865-911C4DBC5A5D}.Debug|Any CPU.Build.0 = Debug|Any CPU
		{E8BBE3A2-62C2-4B5C-8865-911C4DBC5A5D}.Release|Any CPU.ActiveCfg = Release|Any CPU
		{E8BBE3A2-62C2-4B5C-8865-911C4DBC5A5D}.Release|Any CPU.Build.0 = Release|Any CPU
		{9B234245-5BD9-4923-AA8F-D6D8AF2A4CD5}.Debug|Any CPU.ActiveCfg = Debug|Any CPU
		{9B234245-5BD9-4923-AA8F-D6D8AF2A4CD5}.Debug|Any CPU.Build.0 = Debug|Any CPU
		{9B234245-5BD9-4923-AA8F-D6D8AF2A4CD5}.Release|Any CPU.ActiveCfg = Release|Any CPU
		{9B234245-5BD9-4923-AA8F-D6D8AF2A4CD5}.Release|Any CPU.Build.0 = Release|Any CPU
		{63060FF8-E480-459A-81BC-843AC5D6C128}.Debug|Any CPU.ActiveCfg = Debug|Any CPU
		{63060FF8-E480-459A-81BC-843AC5D6C128}.Debug|Any CPU.Build.0 = Debug|Any CPU
		{63060FF8-E480-459A-81BC-843AC5D6C128}.Release|Any CPU.ActiveCfg = Release|Any CPU
		{63060FF8-E480-459A-81BC-843AC5D6C128}.Release|Any CPU.Build.0 = Release|Any CPU
		{1579E991-49A3-484F-8646-604694A3284A}.Debug|Any CPU.ActiveCfg = Debug|Any CPU
		{1579E991-49A3-484F-8646-604694A3284A}.Debug|Any CPU.Build.0 = Debug|Any CPU
		{1579E991-49A3-484F-8646-604694A3284A}.Release|Any CPU.ActiveCfg = Release|Any CPU
		{1579E991-49A3-484F-8646-604694A3284A}.Release|Any CPU.Build.0 = Release|Any CPU
		{052A6396-9599-4C91-B74C-9A95BE30E650}.Debug|Any CPU.ActiveCfg = Debug|Any CPU
		{052A6396-9599-4C91-B74C-9A95BE30E650}.Debug|Any CPU.Build.0 = Debug|Any CPU
		{052A6396-9599-4C91-B74C-9A95BE30E650}.Release|Any CPU.ActiveCfg = Release|Any CPU
		{052A6396-9599-4C91-B74C-9A95BE30E650}.Release|Any CPU.Build.0 = Release|Any CPU
		{BBDBA5F4-1591-4846-854C-6026A6574DB9}.Debug|Any CPU.ActiveCfg = Debug|Any CPU
		{BBDBA5F4-1591-4846-854C-6026A6574DB9}.Debug|Any CPU.Build.0 = Debug|Any CPU
		{BBDBA5F4-1591-4846-854C-6026A6574DB9}.Release|Any CPU.ActiveCfg = Release|Any CPU
		{BBDBA5F4-1591-4846-854C-6026A6574DB9}.Release|Any CPU.Build.0 = Release|Any CPU
	EndGlobalSection
	GlobalSection(SolutionProperties) = preSolution
		HideSolutionNode = FALSE
	EndGlobalSection
	GlobalSection(NestedProjects) = preSolution
		{FF916E6E-4F2F-4690-866D-E680287A2FC0} = {10D8A055-BC50-4C46-99A5-432ECA6A3851}
		{7711A7D3-AD13-4DF4-B43C-375AEA3DD981} = {818A6AAC-1AA9-42AC-AAF5-4AD50AFEDAA9}
		{6EF4E7B5-9A5D-4603-A5B4-D332B124AC9C} = {10D8A055-BC50-4C46-99A5-432ECA6A3851}
		{845E4539-2D16-451C-85ED-0E389370A6CA} = {4F012BF8-A0E7-4F31-A440-9F79A8F195E1}
		{FE100207-F6D9-4B24-AA6E-8FEF00EBE637} = {4F012BF8-A0E7-4F31-A440-9F79A8F195E1}
		{3403E3FE-364A-4C35-B3FF-AED60526F6A5} = {10D8A055-BC50-4C46-99A5-432ECA6A3851}
		{E00B7CC6-6611-47A4-98BA-564E0754C7DF} = {3403E3FE-364A-4C35-B3FF-AED60526F6A5}
		{183DBFDC-FDAA-4F47-AA59-4DBFA261E318} = {0CA0A1FD-CFF9-4237-B4E6-5381CC13DECA}
		{1A3EF925-35CE-44D3-9967-FF2F242FE155} = {10D8A055-BC50-4C46-99A5-432ECA6A3851}
		{E8BBE3A2-62C2-4B5C-8865-911C4DBC5A5D} = {1A3EF925-35CE-44D3-9967-FF2F242FE155}
		{9B234245-5BD9-4923-AA8F-D6D8AF2A4CD5} = {1A3EF925-35CE-44D3-9967-FF2F242FE155}
		{63060FF8-E480-459A-81BC-843AC5D6C128} = {1A3EF925-35CE-44D3-9967-FF2F242FE155}
		{1579E991-49A3-484F-8646-604694A3284A} = {34D31ADF-5E21-4275-A51D-6C2DE6D1976B}
		{222D32DD-F39C-46EA-9121-6AE3B57B1679} = {10D8A055-BC50-4C46-99A5-432ECA6A3851}
		{052A6396-9599-4C91-B74C-9A95BE30E650} = {222D32DD-F39C-46EA-9121-6AE3B57B1679}
		{BBDBA5F4-1591-4846-854C-6026A6574DB9} = {6EF4E7B5-9A5D-4603-A5B4-D332B124AC9C}
		{0CA0A1FD-CFF9-4237-B4E6-5381CC13DECA} = {10D8A055-BC50-4C46-99A5-432ECA6A3851}
	EndGlobalSection
	GlobalSection(ExtensibilityGlobals) = postSolution
		SolutionGuid = {4CF1A6A3-0969-485F-A047-926886299CB7}
	EndGlobalSection
EndGlobal
